
Microsoft Visual Studio Solution File, Format Version 12.00
# Visual Studio Version 16
VisualStudioVersion = 16.0.32106.194
MinimumVisualStudioVersion = 10.0.40219.1
Project("{9A19103F-16F7-4668-BE54-9A1E7A4F7556}") = "AutoDabiServiceAPI", "AutoDabiServiceAPI\AutoDabiServiceAPI.csproj", "{114B4B8F-A481-48FF-9749-7FD2C5002D7B}"
EndProject
Project("{FAE04EC0-301F-11D3-BF4B-00C04F79EFBC}") = "RDLCDesigner", "RDLCDesigner\RDLCDesigner.csproj", "{B734D423-392D-4C43-8540-945D19D5267A}"
EndProject
Global
	GlobalSection(SolutionConfigurationPlatforms) = preSolution
		Debug|Any CPU = Debug|Any CPU
		Release|Any CPU = Release|Any CPU
	EndGlobalSection
	GlobalSection(ProjectConfigurationPlatforms) = postSolution
		{114B4B8F-A481-48FF-9749-7FD2C5002D7B}.Debug|Any CPU.ActiveCfg = Debug|Any CPU
		{114B4B8F-A481-48FF-9749-7FD2C5002D7B}.Debug|Any CPU.Build.0 = Debug|Any CPU
		{114B4B8F-A481-48FF-9749-7FD2C5002D7B}.Release|Any CPU.ActiveCfg = Release|Any CPU
		{114B4B8F-A481-48FF-9749-7FD2C5002D7B}.Release|Any CPU.Build.0 = Release|Any CPU
		{B734D423-392D-4C43-8540-945D19D5267A}.Debug|Any CPU.ActiveCfg = Debug|Any CPU
		{B734D423-392D-4C43-8540-945D19D5267A}.Debug|Any CPU.Build.0 = Debug|Any CPU
		{B734D423-392D-4C43-8540-945D19D5267A}.Release|Any CPU.ActiveCfg = Release|Any CPU
		{B734D423-392D-4C43-8540-945D19D5267A}.Release|Any CPU.Build.0 = Release|Any CPU
	EndGlobalSection
	GlobalSection(SolutionProperties) = preSolution
		HideSolutionNode = FALSE
	EndGlobalSection
	GlobalSection(ExtensibilityGlobals) = postSolution
		SolutionGuid = {2038B9EA-464C-43AC-B911-6FC77FCF9C5D}
	EndGlobalSection
EndGlobal
